
Microsoft Visual Studio Solution File, Format Version 12.00
# Visual Studio 2017
Project("{FAE04EC0-301F-11D3-BF4B-00C04F79EFBC}") = "Unity-VersionControl", "Unity-VersionControl.csproj", "{E1776E35-497E-1FFA-575B-6E63DFB9909C}"
EndProject
Global
	GlobalSection(SolutionConfigurationPlatforms) = preSolution
		Debug|Any CPU = Debug|Any CPU
		Release|Any CPU = Release|Any CPU
	EndGlobalSection
	GlobalSection(ProjectConfigurationPlatforms) = postSolution
		{E1776E35-497E-1FFA-575B-6E63DFB9909C}.Debug|Any CPU.ActiveCfg = Debug|Any CPU
		{E1776E35-497E-1FFA-575B-6E63DFB9909C}.Debug|Any CPU.Build.0 = Debug|Any CPU
		{E1776E35-497E-1FFA-575B-6E63DFB9909C}.Release|Any CPU.ActiveCfg = Release|Any CPU
		{E1776E35-497E-1FFA-575B-6E63DFB9909C}.Release|Any CPU.Build.0 = Release|Any CPU
	EndGlobalSection
	GlobalSection(SolutionProperties) = preSolution
		HideSolutionNode = FALSE
	EndGlobalSection
EndGlobal
